
Microsoft Visual Studio Solution File, Format Version 12.00
# Visual Studio Version 17
VisualStudioVersion = 17.1.32127.271
MinimumVisualStudioVersion = 10.0.40219.1
Project("{FAE04EC0-301F-11D3-BF4B-00C04F79EFBC}") = "pos.web", "pos.web\pos.web.csproj", "{49319337-B286-4B43-829D-89E892FD3478}"
EndProject
Global
	GlobalSection(SolutionConfigurationPlatforms) = preSolution
		Debug|Any CPU = Debug|Any CPU
		Release|Any CPU = Release|Any CPU
	EndGlobalSection
	GlobalSection(ProjectConfigurationPlatforms) = postSolution
		{49319337-B286-4B43-829D-89E892FD3478}.Debug|Any CPU.ActiveCfg = Debug|Any CPU
		{49319337-B286-4B43-829D-89E892FD3478}.Debug|Any CPU.Build.0 = Debug|Any CPU
		{49319337-B286-4B43-829D-89E892FD3478}.Release|Any CPU.ActiveCfg = Release|Any CPU
		{49319337-B286-4B43-829D-89E892FD3478}.Release|Any CPU.Build.0 = Release|Any CPU
	EndGlobalSection
	GlobalSection(SolutionProperties) = preSolution
		HideSolutionNode = FALSE
	EndGlobalSection
	GlobalSection(ExtensibilityGlobals) = postSolution
		SolutionGuid = {FD68C895-9BE6-4A76-9FEF-3F0254AE71FB}
	EndGlobalSection
EndGlobal
