
Microsoft Visual Studio Solution File, Format Version 12.00
# Visual Studio Version 17
VisualStudioVersion = 17.1.32127.271
MinimumVisualStudioVersion = 10.0.40219.1
Project("{9A19103F-16F7-4668-BE54-9A1E7A4F7556}") = "pos.web", "pos.web\pos.web.csproj", "{49319337-B286-4B43-829D-89E892FD3478}"
EndProject
Project("{9A19103F-16F7-4668-BE54-9A1E7A4F7556}") = "pos.core", "pos.data\pos.core.csproj", "{9EC2D69F-2FF8-4980-8EDB-F53E39129687}"
EndProject
Project("{2150E333-8FDC-42A3-9474-1A3956D46DE8}") = "domains", "domains", "{A63F0076-6E7C-4F49-8B71-F1FA09C11C2E}"
EndProject
Project("{9A19103F-16F7-4668-BE54-9A1E7A4F7556}") = "pos.products", "domains\products\pos.products\pos.products.csproj", "{7BD68BBC-9022-42B8-8EF0-776F6078B1F3}"
EndProject
Project("{9A19103F-16F7-4668-BE54-9A1E7A4F7556}") = "pos.products.tests", "domains\products\pos.products.tests\pos.products.tests.csproj", "{37960330-6019-41A2-94A6-2B8A34B2D8B1}"
EndProject
Project("{2150E333-8FDC-42A3-9474-1A3956D46DE8}") = "products", "products", "{E8DFD65E-3C90-4850-AEEA-726DF3B23948}"
EndProject
Project("{2150E333-8FDC-42A3-9474-1A3956D46DE8}") = "common", "common", "{F0B7E01C-5BB3-472F-B680-281492344123}"
EndProject
Project("{9A19103F-16F7-4668-BE54-9A1E7A4F7556}") = "pos.common.extensions", "common\pos.common.extensions\pos.common.extensions.csproj", "{DBF0FDA9-2F34-48CC-87E0-CB730FD8C6C0}"
EndProject
Project("{9A19103F-16F7-4668-BE54-9A1E7A4F7556}") = "pos.common.extensions.files", "common\pos.common.extensions.files\pos.common.extensions.files.csproj", "{AFCAAAA5-59D9-410F-89FF-AF4AACB1F821}"
EndProject
Project("{FAE04EC0-301F-11D3-BF4B-00C04F79EFBC}") = "pos.infrastructure", "pos.infrastructure\pos.infrastructure.csproj", "{71FD3394-3AE3-4699-961A-119D425D7C22}"
EndProject
Global
	GlobalSection(SolutionConfigurationPlatforms) = preSolution
		Debug|Any CPU = Debug|Any CPU
		Release|Any CPU = Release|Any CPU
	EndGlobalSection
	GlobalSection(ProjectConfigurationPlatforms) = postSolution
		{49319337-B286-4B43-829D-89E892FD3478}.Debug|Any CPU.ActiveCfg = Debug|Any CPU
		{49319337-B286-4B43-829D-89E892FD3478}.Debug|Any CPU.Build.0 = Debug|Any CPU
		{49319337-B286-4B43-829D-89E892FD3478}.Release|Any CPU.ActiveCfg = Release|Any CPU
		{49319337-B286-4B43-829D-89E892FD3478}.Release|Any CPU.Build.0 = Release|Any CPU
		{9EC2D69F-2FF8-4980-8EDB-F53E39129687}.Debug|Any CPU.ActiveCfg = Debug|Any CPU
		{9EC2D69F-2FF8-4980-8EDB-F53E39129687}.Debug|Any CPU.Build.0 = Debug|Any CPU
		{9EC2D69F-2FF8-4980-8EDB-F53E39129687}.Release|Any CPU.ActiveCfg = Release|Any CPU
		{9EC2D69F-2FF8-4980-8EDB-F53E39129687}.Release|Any CPU.Build.0 = Release|Any CPU
		{7BD68BBC-9022-42B8-8EF0-776F6078B1F3}.Debug|Any CPU.ActiveCfg = Debug|Any CPU
		{7BD68BBC-9022-42B8-8EF0-776F6078B1F3}.Debug|Any CPU.Build.0 = Debug|Any CPU
		{7BD68BBC-9022-42B8-8EF0-776F6078B1F3}.Release|Any CPU.ActiveCfg = Release|Any CPU
		{7BD68BBC-9022-42B8-8EF0-776F6078B1F3}.Release|Any CPU.Build.0 = Release|Any CPU
		{37960330-6019-41A2-94A6-2B8A34B2D8B1}.Debug|Any CPU.ActiveCfg = Debug|Any CPU
		{37960330-6019-41A2-94A6-2B8A34B2D8B1}.Debug|Any CPU.Build.0 = Debug|Any CPU
		{37960330-6019-41A2-94A6-2B8A34B2D8B1}.Release|Any CPU.ActiveCfg = Release|Any CPU
		{37960330-6019-41A2-94A6-2B8A34B2D8B1}.Release|Any CPU.Build.0 = Release|Any CPU
		{DBF0FDA9-2F34-48CC-87E0-CB730FD8C6C0}.Debug|Any CPU.ActiveCfg = Debug|Any CPU
		{DBF0FDA9-2F34-48CC-87E0-CB730FD8C6C0}.Debug|Any CPU.Build.0 = Debug|Any CPU
		{DBF0FDA9-2F34-48CC-87E0-CB730FD8C6C0}.Release|Any CPU.ActiveCfg = Release|Any CPU
		{DBF0FDA9-2F34-48CC-87E0-CB730FD8C6C0}.Release|Any CPU.Build.0 = Release|Any CPU
		{AFCAAAA5-59D9-410F-89FF-AF4AACB1F821}.Debug|Any CPU.ActiveCfg = Debug|Any CPU
		{AFCAAAA5-59D9-410F-89FF-AF4AACB1F821}.Debug|Any CPU.Build.0 = Debug|Any CPU
		{AFCAAAA5-59D9-410F-89FF-AF4AACB1F821}.Release|Any CPU.ActiveCfg = Release|Any CPU
		{AFCAAAA5-59D9-410F-89FF-AF4AACB1F821}.Release|Any CPU.Build.0 = Release|Any CPU
		{71FD3394-3AE3-4699-961A-119D425D7C22}.Debug|Any CPU.ActiveCfg = Debug|Any CPU
		{71FD3394-3AE3-4699-961A-119D425D7C22}.Debug|Any CPU.Build.0 = Debug|Any CPU
		{71FD3394-3AE3-4699-961A-119D425D7C22}.Release|Any CPU.ActiveCfg = Release|Any CPU
		{71FD3394-3AE3-4699-961A-119D425D7C22}.Release|Any CPU.Build.0 = Release|Any CPU
	EndGlobalSection
	GlobalSection(SolutionProperties) = preSolution
		HideSolutionNode = FALSE
	EndGlobalSection
	GlobalSection(NestedProjects) = preSolution
		{7BD68BBC-9022-42B8-8EF0-776F6078B1F3} = {E8DFD65E-3C90-4850-AEEA-726DF3B23948}
		{37960330-6019-41A2-94A6-2B8A34B2D8B1} = {E8DFD65E-3C90-4850-AEEA-726DF3B23948}
		{E8DFD65E-3C90-4850-AEEA-726DF3B23948} = {A63F0076-6E7C-4F49-8B71-F1FA09C11C2E}
		{DBF0FDA9-2F34-48CC-87E0-CB730FD8C6C0} = {F0B7E01C-5BB3-472F-B680-281492344123}
		{AFCAAAA5-59D9-410F-89FF-AF4AACB1F821} = {F0B7E01C-5BB3-472F-B680-281492344123}
	EndGlobalSection
	GlobalSection(ExtensibilityGlobals) = postSolution
		SolutionGuid = {FD68C895-9BE6-4A76-9FEF-3F0254AE71FB}
	EndGlobalSection
EndGlobal
